
Microsoft Visual Studio Solution File, Format Version 12.00
# Visual Studio Version 17
VisualStudioVersion = 17.4.33103.184
MinimumVisualStudioVersion = 10.0.40219.1
Project("{FAE04EC0-301F-11D3-BF4B-00C04F79EFBC}") = "Adonet", "Adonet.csproj", "{733E64B1-4B11-410A-A513-160FA0E112CD}"
EndProject
Global
	GlobalSection(SolutionConfigurationPlatforms) = preSolution
		Debug|Any CPU = Debug|Any CPU
		Release|Any CPU = Release|Any CPU
	EndGlobalSection
	GlobalSection(ProjectConfigurationPlatforms) = postSolution
		{733E64B1-4B11-410A-A513-160FA0E112CD}.Debug|Any CPU.ActiveCfg = Debug|Any CPU
		{733E64B1-4B11-410A-A513-160FA0E112CD}.Debug|Any CPU.Build.0 = Debug|Any CPU
		{733E64B1-4B11-410A-A513-160FA0E112CD}.Release|Any CPU.ActiveCfg = Release|Any CPU
		{733E64B1-4B11-410A-A513-160FA0E112CD}.Release|Any CPU.Build.0 = Release|Any CPU
	EndGlobalSection
	GlobalSection(SolutionProperties) = preSolution
		HideSolutionNode = FALSE
	EndGlobalSection
	GlobalSection(ExtensibilityGlobals) = postSolution
		SolutionGuid = {CCFB4662-924C-4D7D-9F36-2C9FEBF2122A}
	EndGlobalSection
EndGlobal
